
Microsoft Visual Studio Solution File, Format Version 12.00
# Visual Studio Version 17
VisualStudioVersion = 17.4.33213.308
MinimumVisualStudioVersion = 10.0.40219.1
Project("{FAE04EC0-301F-11D3-BF4B-00C04F79EFBC}") = "modul8_1302210057", "modul8_1302210057\modul8_1302210057.csproj", "{00AC106F-9053-41FD-9F80-E17F2115108F}"
EndProject
Global
	GlobalSection(SolutionConfigurationPlatforms) = preSolution
		Debug|Any CPU = Debug|Any CPU
		Release|Any CPU = Release|Any CPU
	EndGlobalSection
	GlobalSection(ProjectConfigurationPlatforms) = postSolution
		{00AC106F-9053-41FD-9F80-E17F2115108F}.Debug|Any CPU.ActiveCfg = Debug|Any CPU
		{00AC106F-9053-41FD-9F80-E17F2115108F}.Debug|Any CPU.Build.0 = Debug|Any CPU
		{00AC106F-9053-41FD-9F80-E17F2115108F}.Release|Any CPU.ActiveCfg = Release|Any CPU
		{00AC106F-9053-41FD-9F80-E17F2115108F}.Release|Any CPU.Build.0 = Release|Any CPU
	EndGlobalSection
	GlobalSection(SolutionProperties) = preSolution
		HideSolutionNode = FALSE
	EndGlobalSection
	GlobalSection(ExtensibilityGlobals) = postSolution
		SolutionGuid = {CED52A66-E39E-47A3-B972-BFD4F2B8D883}
	EndGlobalSection
EndGlobal
